
Microsoft Visual Studio Solution File, Format Version 12.00
# Visual Studio Version 17
VisualStudioVersion = 17.8.34330.188
MinimumVisualStudioVersion = 10.0.40219.1
Project("{FAE04EC0-301F-11D3-BF4B-00C04F79EFBC}") = "QL_DoAnThucTap", "QL_DoAnThucTap\QL_DoAnThucTap.csproj", "{C2B6343A-E02B-49BC-9251-25406C426559}"
EndProject
Global
	GlobalSection(SolutionConfigurationPlatforms) = preSolution
		Debug|Any CPU = Debug|Any CPU
		Release|Any CPU = Release|Any CPU
	EndGlobalSection
	GlobalSection(ProjectConfigurationPlatforms) = postSolution
		{C2B6343A-E02B-49BC-9251-25406C426559}.Debug|Any CPU.ActiveCfg = Debug|Any CPU
		{C2B6343A-E02B-49BC-9251-25406C426559}.Debug|Any CPU.Build.0 = Debug|Any CPU
		{C2B6343A-E02B-49BC-9251-25406C426559}.Release|Any CPU.ActiveCfg = Release|Any CPU
		{C2B6343A-E02B-49BC-9251-25406C426559}.Release|Any CPU.Build.0 = Release|Any CPU
	EndGlobalSection
	GlobalSection(SolutionProperties) = preSolution
		HideSolutionNode = FALSE
	EndGlobalSection
	GlobalSection(ExtensibilityGlobals) = postSolution
		SolutionGuid = {85AC9C0C-213F-4BBB-9306-42C200C8095E}
	EndGlobalSection
EndGlobal
